{
  "requires": true,
  "lockfileVersion": 1,
  "dependencies": {
    "bxslider": {
      "version": "4.2.14",
      "resolved": "https://registry.npmjs.org/bxslider/-/bxslider-4.2.14.tgz",
      "integrity": "sha512-7/OV7Jxe8yBS/7tOcxg2hYTPmACFMU1rRs3xqoljjFX/rSgMFVX0dzFqxZHWvUgl0+9TryNy5vhufB/499heFQ=="
    },
    "custom-event-polyfill": {
      "version": "0.3.0",
      "resolved": "https://registry.npmjs.org/custom-event-polyfill/-/custom-event-polyfill-0.3.0.tgz",
      "integrity": "sha1-mYB4Ob5i7bRGtkWDLg2A6tb6GIg="
    },
    "es6-object-assign": {
      "version": "1.1.0",
      "resolved": "https://registry.npmjs.org/es6-object-assign/-/es6-object-assign-1.1.0.tgz",
      "integrity": "sha1-wsNYJlYkfDnqEHyx5mUrb58kUjw="
    },
    "es6-promise-polyfill": {
      "version": "1.2.0",
      "resolved": "https://registry.npmjs.org/es6-promise-polyfill/-/es6-promise-polyfill-1.2.0.tgz",
      "integrity": "sha1-84kl8jyz4+jObNqP93T867sJDN4="
    },
    "lookforward": {
      "version": "1.1.0",
      "resolved": "https://registry.npmjs.org/lookforward/-/lookforward-1.1.0.tgz",
      "integrity": "sha512-jmeDkrAx+ns3Yp+QGHoLRxgCwR3bMdO5ZezKcLanmrxVt8URlB+yqtuzgmnZ6H4dhP+zS9DFJqXCDPLI8DhVOA==",
      "requires": {
        "custom-event-polyfill": "^0.3.0",
        "es6-object-assign": "^1.1.0",
        "es6-promise-polyfill": "^1.2.0"
      }
    }
  }
}
